
Microsoft Visual Studio Solution File, Format Version 12.00
# Visual Studio 14
VisualStudioVersion = 14.0.25420.1
MinimumVisualStudioVersion = 10.0.40219.1
Project("{FAE04EC0-301F-11D3-BF4B-00C04F79EFBC}") = "Zelen4ukova Borsa (21.12.16)", "Zelen4ukova Borsa (21.12.16)\Zelen4ukova Borsa (21.12.16).csproj", "{94760F10-D73D-4CCF-88F9-4455ABC05EEB}"
EndProject
Project("{FAE04EC0-301F-11D3-BF4B-00C04F79EFBC}") = "lice na triagalnik", "lice na triagalnik\lice na triagalnik.csproj", "{AD646E14-2572-43E0-8C06-B91A91043467}"
EndProject
Global
	GlobalSection(SolutionConfigurationPlatforms) = preSolution
		Debug|Any CPU = Debug|Any CPU
		Release|Any CPU = Release|Any CPU
	EndGlobalSection
	GlobalSection(ProjectConfigurationPlatforms) = postSolution
		{94760F10-D73D-4CCF-88F9-4455ABC05EEB}.Debug|Any CPU.ActiveCfg = Debug|Any CPU
		{94760F10-D73D-4CCF-88F9-4455ABC05EEB}.Debug|Any CPU.Build.0 = Debug|Any CPU
		{94760F10-D73D-4CCF-88F9-4455ABC05EEB}.Release|Any CPU.ActiveCfg = Release|Any CPU
		{94760F10-D73D-4CCF-88F9-4455ABC05EEB}.Release|Any CPU.Build.0 = Release|Any CPU
		{AD646E14-2572-43E0-8C06-B91A91043467}.Debug|Any CPU.ActiveCfg = Debug|Any CPU
		{AD646E14-2572-43E0-8C06-B91A91043467}.Debug|Any CPU.Build.0 = Debug|Any CPU
		{AD646E14-2572-43E0-8C06-B91A91043467}.Release|Any CPU.ActiveCfg = Release|Any CPU
		{AD646E14-2572-43E0-8C06-B91A91043467}.Release|Any CPU.Build.0 = Release|Any CPU
	EndGlobalSection
	GlobalSection(SolutionProperties) = preSolution
		HideSolutionNode = FALSE
	EndGlobalSection
EndGlobal
