
Microsoft Visual Studio Solution File, Format Version 12.00
# Visual Studio 14
VisualStudioVersion = 14.0.25420.1
MinimumVisualStudioVersion = 10.0.40219.1
Project("{FAE04EC0-301F-11D3-BF4B-00C04F79EFBC}") = "carpet", "carpet\carpet.csproj", "{FD242A18-A3CA-4095-9D52-B1F585EA27BC}"
EndProject
Project("{FAE04EC0-301F-11D3-BF4B-00C04F79EFBC}") = "carpet rework", "carpet rework\carpet rework.csproj", "{9729235C-A557-40C7-B492-6D254A1727AD}"
EndProject
Global
	GlobalSection(SolutionConfigurationPlatforms) = preSolution
		Debug|Any CPU = Debug|Any CPU
		Release|Any CPU = Release|Any CPU
	EndGlobalSection
	GlobalSection(ProjectConfigurationPlatforms) = postSolution
		{FD242A18-A3CA-4095-9D52-B1F585EA27BC}.Debug|Any CPU.ActiveCfg = Debug|Any CPU
		{FD242A18-A3CA-4095-9D52-B1F585EA27BC}.Debug|Any CPU.Build.0 = Debug|Any CPU
		{FD242A18-A3CA-4095-9D52-B1F585EA27BC}.Release|Any CPU.ActiveCfg = Release|Any CPU
		{FD242A18-A3CA-4095-9D52-B1F585EA27BC}.Release|Any CPU.Build.0 = Release|Any CPU
		{9729235C-A557-40C7-B492-6D254A1727AD}.Debug|Any CPU.ActiveCfg = Debug|Any CPU
		{9729235C-A557-40C7-B492-6D254A1727AD}.Debug|Any CPU.Build.0 = Debug|Any CPU
		{9729235C-A557-40C7-B492-6D254A1727AD}.Release|Any CPU.ActiveCfg = Release|Any CPU
		{9729235C-A557-40C7-B492-6D254A1727AD}.Release|Any CPU.Build.0 = Release|Any CPU
	EndGlobalSection
	GlobalSection(SolutionProperties) = preSolution
		HideSolutionNode = FALSE
	EndGlobalSection
EndGlobal
