
Microsoft Visual Studio Solution File, Format Version 12.00
# Visual Studio 14
VisualStudioVersion = 14.0.25420.1
MinimumVisualStudioVersion = 10.0.40219.1
Project("{FAE04EC0-301F-11D3-BF4B-00C04F79EFBC}") = "sum of two numbers", "sum of two numbers\sum of two numbers.csproj", "{306262D5-8D74-4C4F-92C3-3A81D6CBDF02}"
EndProject
Project("{FAE04EC0-301F-11D3-BF4B-00C04F79EFBC}") = "SoftUni logo", "SoftUni logo\SoftUni logo.csproj", "{6832402E-6121-4788-8DBA-8BDA63C34333}"
EndProject
Global
	GlobalSection(SolutionConfigurationPlatforms) = preSolution
		Debug|Any CPU = Debug|Any CPU
		Release|Any CPU = Release|Any CPU
	EndGlobalSection
	GlobalSection(ProjectConfigurationPlatforms) = postSolution
		{306262D5-8D74-4C4F-92C3-3A81D6CBDF02}.Debug|Any CPU.ActiveCfg = Debug|Any CPU
		{306262D5-8D74-4C4F-92C3-3A81D6CBDF02}.Debug|Any CPU.Build.0 = Debug|Any CPU
		{306262D5-8D74-4C4F-92C3-3A81D6CBDF02}.Release|Any CPU.ActiveCfg = Release|Any CPU
		{306262D5-8D74-4C4F-92C3-3A81D6CBDF02}.Release|Any CPU.Build.0 = Release|Any CPU
		{6832402E-6121-4788-8DBA-8BDA63C34333}.Debug|Any CPU.ActiveCfg = Debug|Any CPU
		{6832402E-6121-4788-8DBA-8BDA63C34333}.Debug|Any CPU.Build.0 = Debug|Any CPU
		{6832402E-6121-4788-8DBA-8BDA63C34333}.Release|Any CPU.ActiveCfg = Release|Any CPU
		{6832402E-6121-4788-8DBA-8BDA63C34333}.Release|Any CPU.Build.0 = Release|Any CPU
	EndGlobalSection
	GlobalSection(SolutionProperties) = preSolution
		HideSolutionNode = FALSE
	EndGlobalSection
EndGlobal
